
Microsoft Visual Studio Solution File, Format Version 12.00
# Visual Studio Version 16
VisualStudioVersion = 16.0.30711.63
MinimumVisualStudioVersion = 10.0.40219.1
Project("{FAE04EC0-301F-11D3-BF4B-00C04F79EFBC}") = "Addition", "Addition.csproj", "{BEC5C191-A663-4382-9F12-5168D3CF639B}"
EndProject
Global
	GlobalSection(SolutionConfigurationPlatforms) = preSolution
		Debug|Any CPU = Debug|Any CPU
		Release|Any CPU = Release|Any CPU
	EndGlobalSection
	GlobalSection(ProjectConfigurationPlatforms) = postSolution
		{BEC5C191-A663-4382-9F12-5168D3CF639B}.Debug|Any CPU.ActiveCfg = Debug|Any CPU
		{BEC5C191-A663-4382-9F12-5168D3CF639B}.Debug|Any CPU.Build.0 = Debug|Any CPU
		{BEC5C191-A663-4382-9F12-5168D3CF639B}.Release|Any CPU.ActiveCfg = Release|Any CPU
		{BEC5C191-A663-4382-9F12-5168D3CF639B}.Release|Any CPU.Build.0 = Release|Any CPU
	EndGlobalSection
	GlobalSection(SolutionProperties) = preSolution
		HideSolutionNode = FALSE
	EndGlobalSection
	GlobalSection(ExtensibilityGlobals) = postSolution
		SolutionGuid = {08BD03C1-9BA1-4108-8282-54FB16922A4B}
	EndGlobalSection
EndGlobal
